PODS:
  - NendSDK_iOS (2.7.0)
  - SVProgressHUD (1.1.3)
  - UIGlossyButton (0.1.0):
    - UIGlossyButton/Core (= 0.1.0)
    - UIGlossyButton/LayerEffects (= 0.1.0)
  - UIGlossyButton/Core (0.1.0)
  - UIGlossyButton/LayerEffects (0.1.0)

DEPENDENCIES:
  - NendSDK_iOS
  - SVProgressHUD
  - UIGlossyButton

SPEC CHECKSUMS:
  NendSDK_iOS: 0bcb3f3675387364c6ee7814df743b05c22a77f5
  SVProgressHUD: 748080e4f36e603f6c02aec292664239df5279c1
  UIGlossyButton: 1a76ca4ef22a0a08da078cdff4f2a3f443029a50

COCOAPODS: 0.37.1
